{
  "name": "@react-native-component/react-native-smart-toast",
  "version": "1.1.1",
  "lockfileVersion": 1,
  "dependencies": {
    "react-native-smart-timer-enhance": {
      "version": "1.0.3",
      "resolved": "https://registry.npmjs.org/react-native-smart-timer-enhance/-/react-native-smart-timer-enhance-1.0.3.tgz",
      "integrity": "sha1-R93Bm+WmwZGERJA5SV8lVGvNlP4="
    }
  }
}
